
Microsoft Visual Studio Solution File, Format Version 12.00
# Visual Studio Version 17
VisualStudioVersion = 17.4.33213.308
MinimumVisualStudioVersion = 10.0.40219.1
Project("{9A19103F-16F7-4668-BE54-9A1E7A4F7556}") = "BugTrackingProject", "BugTrackingProject\BugTrackingProject.csproj", "{832FE0F8-D1F2-487E-87E5-8406AA381764}"
EndProject
Global
	GlobalSection(SolutionConfigurationPlatforms) = preSolution
		Debug|Any CPU = Debug|Any CPU
		Release|Any CPU = Release|Any CPU
	EndGlobalSection
	GlobalSection(ProjectConfigurationPlatforms) = postSolution
		{832FE0F8-D1F2-487E-87E5-8406AA381764}.Debug|Any CPU.ActiveCfg = Debug|Any CPU
		{832FE0F8-D1F2-487E-87E5-8406AA381764}.Debug|Any CPU.Build.0 = Debug|Any CPU
		{832FE0F8-D1F2-487E-87E5-8406AA381764}.Release|Any CPU.ActiveCfg = Release|Any CPU
		{832FE0F8-D1F2-487E-87E5-8406AA381764}.Release|Any CPU.Build.0 = Release|Any CPU
	EndGlobalSection
	GlobalSection(SolutionProperties) = preSolution
		HideSolutionNode = FALSE
	EndGlobalSection
	GlobalSection(ExtensibilityGlobals) = postSolution
		SolutionGuid = {EA9F2E41-1500-4E02-A108-5BCFCFB9FD8C}
	EndGlobalSection
EndGlobal
